
Microsoft Visual Studio Solution File, Format Version 12.00
# Visual Studio Version 17
VisualStudioVersion = 17.5.002.0
MinimumVisualStudioVersion = 10.0.40219.1
Project("{9A19103F-16F7-4668-BE54-9A1E7A4F7556}") = "tl1-tp8-2024-nachoNota", "tl1-tp8-2024-nachoNota.csproj", "{5E7CB225-9EB1-4320-99A8-90573B85574F}"
EndProject
Global
	GlobalSection(SolutionConfigurationPlatforms) = preSolution
		Debug|Any CPU = Debug|Any CPU
		Release|Any CPU = Release|Any CPU
	EndGlobalSection
	GlobalSection(ProjectConfigurationPlatforms) = postSolution
		{5E7CB225-9EB1-4320-99A8-90573B85574F}.Debug|Any CPU.ActiveCfg = Debug|Any CPU
		{5E7CB225-9EB1-4320-99A8-90573B85574F}.Debug|Any CPU.Build.0 = Debug|Any CPU
		{5E7CB225-9EB1-4320-99A8-90573B85574F}.Release|Any CPU.ActiveCfg = Release|Any CPU
		{5E7CB225-9EB1-4320-99A8-90573B85574F}.Release|Any CPU.Build.0 = Release|Any CPU
	EndGlobalSection
	GlobalSection(SolutionProperties) = preSolution
		HideSolutionNode = FALSE
	EndGlobalSection
	GlobalSection(ExtensibilityGlobals) = postSolution
		SolutionGuid = {9FA6654E-E845-4DD1-AEB3-A966315C7DF9}
	EndGlobalSection
EndGlobal
